// !$*UTF8*$!
{
	archiveVersion = 1;
	classes = {
	};
	objectVersion = 50;
	objects = {

/* Begin PBXBuildFile section */
		7E08A4922370D7B30031072D /* AppDelegate.swift in Sources */ = {isa = PBXBuildFile; fileRef = 7E08A4912370D7B30031072D /* AppDelegate.swift */; };
		7E08A4942370D7B30031072D /* SceneDelegate.swift in Sources */ = {isa = PBXBuildFile; fileRef = 7E08A4932370D7B30031072D /* SceneDelegate.swift */; };
		7E08A4962370D7B30031072D /* ViewController.swift in Sources */ = {isa = PBXBuildFile; fileRef = 7E08A4952370D7B30031072D /* ViewController.swift */; };
		7E08A4992370D7B30031072D /* Main.storyboard in Resources */ = {isa = PBXBuildFile; fileRef = 7E08A4972370D7B30031072D /* Main.storyboard */; };
		7E08A49B2370D7B30031072D /* Assets.xcassets in Resources */ = {isa = PBXBuildFile; fileRef = 7E08A49A2370D7B30031072D /* Assets.xcassets */; };
		7E08A49E2370D7B30031072D /* LaunchScreen.storyboard in Resources */ = {isa = PBXBuildFile; fileRef = 7E08A49C2370D7B30031072D /* LaunchScreen.storyboard */; };
		7E6631C92370E0BA000C5049 /* keychain.swift in Sources */ = {isa = PBXBuildFile; fileRef = 7E6631C82370E0BA000C5049 /* keychain.swift */; };
/* End PBXBuildFile section */

/* Begin PBXFileReference section */
		7E08A48E2370D7B30031072D /* BackgroundKeychain.app */ = {isa = PBXFileReference; explicitFileType = wrapper.application; includeInIndex = 0; path = BackgroundKeychain.app; sourceTree = BUILT_PRODUCTS_DIR; };
		7E08A4912370D7B30031072D /* AppDelegate.swift */ = {isa = PBXFileReference; lastKnownFileType = sourcecode.swift; path = AppDelegate.swift; sourceTree = "<group>"; };
		7E08A4932370D7B30031072D /* SceneDelegate.swift */ = {isa = PBXFileReference; lastKnownFileType = sourcecode.swift; path = SceneDelegate.swift; sourceTree = "<group>"; };
		7E08A4952370D7B30031072D /* ViewController.swift */ = {isa = PBXFileReference; lastKnownFileType = sourcecode.swift; path = ViewController.swift; sourceTree = "<group>"; };
		7E08A4982370D7B30031072D /* Base */ = {isa = PBXFileReference; lastKnownFileType = file.storyboard; name = Base; path = Base.lproj/Main.storyboard; sourceTree = "<group>"; };
		7E08A49A2370D7B30031072D /* Assets.xcassets */ = {isa = PBXFileReference; lastKnownFileType = folder.assetcatalog; path = Assets.xcassets; sourceTree = "<group>"; };
		7E08A49D2370D7B30031072D /* Base */ = {isa = PBXFileReference; lastKnownFileType = file.storyboard; name = Base; path = Base.lproj/LaunchScreen.storyboard; sourceTree = "<group>"; };
		7E08A49F2370D7B30031072D /* Info.plist */ = {isa = PBXFileReference; lastKnownFileType = text.plist.xml; path = Info.plist; sourceTree = "<group>"; };
		7E6631C82370E0BA000C5049 /* keychain.swift */ = {isa = PBXFileReference; lastKnownFileType = sourcecode.swift; path = keychain.swift; sourceTree = "<group>"; };
/* End PBXFileReference section */

/* Begin PBXFrameworksBuildPhase section */
		7E08A48B2370D7B30031072D /* Frameworks */ = {
			isa = PBXFrameworksBuildPhase;
			buildActionMask = 2147483647;
			files = (
			);
			runOnlyForDeploymentPostprocessing = 0;
		};
/* End PBXFrameworksBuildPhase section */

/* Begin PBXGroup section */
		7E08A4852370D7B20031072D = {
			isa = PBXGroup;
			children = (
				7E08A4902370D7B30031072D /* BackgroundKeychain */,
				7E08A48F2370D7B30031072D /* Products */,
			);
			sourceTree = "<group>";
		};
		7E08A48F2370D7B30031072D /* Products */ = {
			isa = PBXGroup;
			children = (
				7E08A48E2370D7B30031072D /* BackgroundKeychain.app */,
			);
			name = Products;
			sourceTree = "<group>";
		};
		7E08A4902370D7B30031072D /* BackgroundKeychain */ = {
			isa = PBXGroup;
			children = (
				7E08A4912370D7B30031072D /* AppDelegate.swift */,
				7E08A4932370D7B30031072D /* SceneDelegate.swift */,
				7E08A4952370D7B30031072D /* ViewController.swift */,
				7E08A4972370D7B30031072D /* Main.storyboard */,
				7E08A49A2370D7B30031072D /* Assets.xcassets */,
				7E08A49C2370D7B30031072D /* LaunchScreen.storyboard */,
				7E08A49F2370D7B30031072D /* Info.plist */,
				7E6631C82370E0BA000C5049 /* keychain.swift */,
			);
			path = BackgroundKeychain;
			sourceTree = "<group>";
		};
/* End PBXGroup section */

/* Begin PBXNativeTarget section */
		7E08A48D2370D7B30031072D /* BackgroundKeychain */ = {
			isa = PBXNativeTarget;
			buildConfigurationList = 7E08A4A22370D7B30031072D /* Build configuration list for PBXNativeTarget "BackgroundKeychain" */;
			buildPhases = (
				7E08A48A2370D7B30031072D /* Sources */,
				7E08A48B2370D7B30031072D /* Frameworks */,
				7E08A48C2370D7B30031072D /* Resources */,
			);
			buildRules = (
			);
			dependencies = (
			);
			name = BackgroundKeychain;
			productName = BackgroundKeychain;
			productReference = 7E08A48E2370D7B30031072D /* BackgroundKeychain.app */;
			productType = "com.apple.product-type.application";
		};
/* End PBXNativeTarget section */

/* Begin PBXProject section */
		7E08A4862370D7B20031072D /* Project object */ = {
			isa = PBXProject;
			attributes = {
				LastSwiftUpdateCheck = 1100;
				LastUpgradeCheck = 1100;
				ORGANIZATIONNAME = Evgenii;
				TargetAttributes = {
					7E08A48D2370D7B30031072D = {
						CreatedOnToolsVersion = 11.0;
					};
				};
			};
			buildConfigurationList = 7E08A4892370D7B20031072D /* Build configuration list for PBXProject "BackgroundKeychain" */;
			compatibilityVersion = "Xcode 9.3";
			developmentRegion = en;
			hasScannedForEncodings = 0;
			knownRegions = (
				en,
				Base,
			);
			mainGroup = 7E08A4852370D7B20031072D;
			productRefGroup = 7E08A48F2370D7B30031072D /* Products */;
			projectDirPath = "";
			projectRoot = "";
			targets = (
				7E08A48D2370D7B30031072D /* BackgroundKeychain */,
			);
		};
/* End PBXProject section */

/* Begin PBXResourcesBuildPhase section */
		7E08A48C2370D7B30031072D /* Resources */ = {
			isa = PBXResourcesBuildPhase;
			buildActionMask = 2147483647;
			files = (
				7E08A49E2370D7B30031072D /* LaunchScreen.storyboard in Resources */,
				7E08A49B2370D7B30031072D /* Assets.xcassets in Resources */,
				7E08A4992370D7B30031072D /* Main.storyboard in Resources */,
			);
			runOnlyForDeploymentPostprocessing = 0;
		};
/* End PBXResourcesBuildPhase section */

/* Begin PBXSourcesBuildPhase section */
		7E08A48A2370D7B30031072D /* Sources */ = {
			isa = PBXSourcesBuildPhase;
			buildActionMask = 2147483647;
			files = (
				7E08A4962370D7B30031072D /* ViewController.swift in Sources */,
				7E6631C92370E0BA000C5049 /* keychain.swift in Sources */,
				7E08A4922370D7B30031072D /* AppDelegate.swift in Sources */,
				7E08A4942370D7B30031072D /* SceneDelegate.swift in Sources */,
			);
			runOnlyForDeploymentPostprocessing = 0;
		};
/* End PBXSourcesBuildPhase section */

/* Begin PBXVariantGroup section */
		7E08A4972370D7B30031072D /* Main.storyboard */ = {
			isa = PBXVariantGroup;
			children = (
				7E08A4982370D7B30031072D /* Base */,
			);
			name = Main.storyboard;
			sourceTree = "<group>";
		};
		7E08A49C2370D7B30031072D /* LaunchScreen.storyboard */ = {
			isa = PBXVariantGroup;
			children = (
				7E08A49D2370D7B30031072D /* Base */,
			);
			name = LaunchScreen.storyboard;
			sourceTree = "<group>";
		};
/* End PBXVariantGroup section */

/* Begin XCBuildConfiguration section */
		7E08A4A02370D7B30031072D /* Debug */ = {
			isa = XCBuildConfiguration;
			buildSettings = {
				ALWAYS_SEARCH_USER_PATHS = NO;
				CLANG_ANALYZER_NONNULL = YES;
				CLANG_ANALYZER_NUMBER_OBJECT_CONVERSION = YES_AGGRESSIVE;
				CLANG_CXX_LANGUAGE_STANDARD = "gnu++14";
				CLANG_CXX_LIBRARY = "libc++";
				CLANG_ENABLE_MODULES = YES;
				CLANG_ENABLE_OBJC_ARC = YES;
				CLANG_ENABLE_OBJC_WEAK = YES;
				CLANG_WARN_BLOCK_CAPTURE_AUTORELEASING = YES;
				CLANG_WARN_BOOL_CONVERSION = YES;
				CLANG_WARN_COMMA = YES;
				CLANG_WARN_CONSTANT_CONVERSION = YES;
				CLANG_WARN_DEPRECATED_OBJC_IMPLEMENTATIONS = YES;
				CLANG_WARN_DIRECT_OBJC_ISA_USAGE = YES_ERROR;
				CLANG_WARN_DOCUMENTATION_COMMENTS = YES;
				CLANG_WARN_EMPTY_BODY = YES;
				CLANG_WARN_ENUM_CONVERSION = YES;
				CLANG_WARN_INFINITE_RECURSION = YES;
				CLANG_WARN_INT_CONVERSION = YES;
				CLANG_WARN_NON_LITERAL_NULL_CONVERSION = YES;
				CLANG_WARN_OBJC_IMPLICIT_RETAIN_SELF = YES;
				CLANG_WARN_OBJC_LITERAL_CONVERSION = YES;
				CLANG_WARN_OBJC_ROOT_CLASS = YES_ERROR;
				CLANG_WARN_RANGE_LOOP_ANALYSIS = YES;
				CLANG_WARN_STRICT_PROTOTYPES = YES;
				CLANG_WARN_SUSPICIOUS_MOVE = YES;
				CLANG_WARN_UNGUARDED_AVAILABILITY = YES_AGGRESSIVE;
				CLANG_WARN_UNREACHABLE_CODE = YES;
				CLANG_WARN__DUPLICATE_METHOD_MATCH = YES;
				COPY_PHASE_STRIP = NO;
				DEBUG_INFORMATION_FORMAT = dwarf;
				ENABLE_STRICT_OBJC_MSGSEND = YES;
				ENABLE_TESTABILITY = YES;
				GCC_C_LANGUAGE_STANDARD = gnu11;
				GCC_DYNAMIC_NO_PIC = NO;
				GCC_NO_COMMON_BLOCKS = YES;
				GCC_OPTIMIZATION_LEVEL = 0;
				GCC_PREPROCESSOR_DEFINITIONS = (
					"DEBUG=1",
					"$(inherited)",
				);
				GCC_WARN_64_TO_32_BIT_CONVERSION = YES;
				GCC_WARN_ABOUT_RETURN_TYPE = YES_ERROR;
				GCC_WARN_UNDECLARED_SELECTOR = YES;
				GCC_WARN_UNINITIALIZED_AUTOS = YES_AGGRESSIVE;
				GCC_WARN_UNUSED_FUNCTION = YES;
				GCC_WARN_UNUSED_VARIABLE = YES;
				IPHONEOS_DEPLOYMENT_TARGET = 13.0;
				MTL_ENABLE_DEBUG_INFO = INCLUDE_SOURCE;
				MTL_FAST_MATH = YES;
				ONLY_ACTIVE_ARCH = YES;
				SDKROOT = iphoneos;
				SWIFT_ACTIVE_COMPILATION_CONDITIONS = DEBUG;
				SWIFT_OPTIMIZATION_LEVEL = "-Onone";
			};
			name = Debug;
		};
		7E08A4A12370D7B30031072D /* Release */ = {
			isa = XCBuildConfiguration;
			buildSettings = {
				ALWAYS_SEARCH_USER_PATHS = NO;
				CLANG_ANALYZER_NONNULL = YES;
				CLANG_ANALYZER_NUMBER_OBJECT_CONVERSION = YES_AGGRESSIVE;
				CLANG_CXX_LANGUAGE_STANDARD = "gnu++14";
				CLANG_CXX_LIBRARY = "libc++";
				CLANG_ENABLE_MODULES = YES;
				CLANG_ENABLE_OBJC_ARC = YES;
				CLANG_ENABLE_OBJC_WEAK = YES;
				CLANG_WARN_BLOCK_CAPTURE_AUTORELEASING = YES;
				CLANG_WARN_BOOL_CONVERSION = YES;
				CLANG_WARN_COMMA = YES;
				CLANG_WARN_CONSTANT_CONVERSION = YES;
				CLANG_WARN_DEPRECATED_OBJC_IMPLEMENTATIONS = YES;
				CLANG_WARN_DIRECT_OBJC_ISA_USAGE = YES_ERROR;
				CLANG_WARN_DOCUMENTATION_COMMENTS = YES;
				CLANG_WARN_EMPTY_BODY = YES;
				CLANG_WARN_ENUM_CONVERSION = YES;
				CLANG_WARN_INFINITE_RECURSION = YES;
				CLANG_WARN_INT_CONVERSION = YES;
				CLANG_WARN_NON_LITERAL_NULL_CONVERSION = YES;
				CLANG_WARN_OBJC_IMPLICIT_RETAIN_SELF = YES;
				CLANG_WARN_OBJC_LITERAL_CONVERSION = YES;
				CLANG_WARN_OBJC_ROOT_CLASS = YES_ERROR;
				CLANG_WARN_RANGE_LOOP_ANALYSIS = YES;
				CLANG_WARN_STRICT_PROTOTYPES = YES;
				CLANG_WARN_SUSPICIOUS_MOVE = YES;
				CLANG_WARN_UNGUARDED_AVAILABILITY = YES_AGGRESSIVE;
				CLANG_WARN_UNREACHABLE_CODE = YES;
				CLANG_WARN__DUPLICATE_METHOD_MATCH = YES;
				COPY_PHASE_STRIP = NO;
				DEBUG_INFORMATION_FORMAT = "dwarf-with-dsym";
				ENABLE_NS_ASSERTIONS = NO;
				ENABLE_STRICT_OBJC_MSGSEND = YES;
				GCC_C_LANGUAGE_STANDARD = gnu11;
				GCC_NO_COMMON_BLOCKS = YES;
				GCC_WARN_64_TO_32_BIT_CONVERSION = YES;
				GCC_WARN_ABOUT_RETURN_TYPE = YES_ERROR;
				GCC_WARN_UNDECLARED_SELECTOR = YES;
				GCC_WARN_UNINITIALIZED_AUTOS = YES_AGGRESSIVE;
				GCC_WARN_UNUSED_FUNCTION = YES;
				GCC_WARN_UNUSED_VARIABLE = YES;
				IPHONEOS_DEPLOYMENT_TARGET = 13.0;
				MTL_ENABLE_DEBUG_INFO = NO;
				MTL_FAST_MATH = YES;
				SDKROOT = iphoneos;
				SWIFT_COMPILATION_MODE = wholemodule;
				SWIFT_OPTIMIZATION_LEVEL = "-O";
				VALIDATE_PRODUCT = YES;
			};
			name = Release;
		};
		7E08A4A32370D7B30031072D /* Debug */ = {
			isa = XCBuildConfiguration;
			buildSettings = {
				ASSETCATALOG_COMPILER_APPICON_NAME = AppIcon;
				CODE_SIGN_STYLE = Automatic;
				INFOPLIST_FILE = BackgroundKeychain/Info.plist;
				IPHONEOS_DEPLOYMENT_TARGET = 10.0;
				LD_RUNPATH_SEARCH_PATHS = (
					"$(inherited)",
					"@executable_path/Frameworks",
				);
				PRODUCT_BUNDLE_IDENTIFIER = com.evgenii.BackgroundKeychain;
				PRODUCT_NAME = "$(TARGET_NAME)";
				SWIFT_VERSION = 5.0;
				TARGETED_DEVICE_FAMILY = "1,2";
			};
			name = Debug;
		};
		7E08A4A42370D7B30031072D /* Release */ = {
			isa = XCBuildConfiguration;
			buildSettings = {
				ASSETCATALOG_COMPILER_APPICON_NAME = AppIcon;
				CODE_SIGN_STYLE = Automatic;
				INFOPLIST_FILE = BackgroundKeychain/Info.plist;
				IPHONEOS_DEPLOYMENT_TARGET = 10.0;
				LD_RUNPATH_SEARCH_PATHS = (
					"$(inherited)",
					"@executable_path/Frameworks",
				);
				PRODUCT_BUNDLE_IDENTIFIER = com.evgenii.BackgroundKeychain;
				PRODUCT_NAME = "$(TARGET_NAME)";
				SWIFT_VERSION = 5.0;
				TARGETED_DEVICE_FAMILY = "1,2";
			};
			name = Release;
		};
/* End XCBuildConfiguration section */

/* Begin XCConfigurationList section */
		7E08A4892370D7B20031072D /* Build configuration list for PBXProject "BackgroundKeychain" */ = {
			isa = XCConfigurationList;
			buildConfigurations = (
				7E08A4A02370D7B30031072D /* Debug */,
				7E08A4A12370D7B30031072D /* Release */,
			);
			defaultConfigurationIsVisible = 0;
			defaultConfigurationName = Release;
		};
		7E08A4A22370D7B30031072D /* Build configuration list for PBXNativeTarget "BackgroundKeychain" */ = {
			isa = XCConfigurationList;
			buildConfigurations = (
				7E08A4A32370D7B30031072D /* Debug */,
				7E08A4A42370D7B30031072D /* Release */,
			);
			defaultConfigurationIsVisible = 0;
			defaultConfigurationName = Release;
		};
/* End XCConfigurationList section */
	};
	rootObject = 7E08A4862370D7B20031072D /* Project object */;
}
